
Microsoft Visual Studio Solution File, Format Version 12.00
# Visual Studio 14
VisualStudioVersion = 14.0.25420.1
MinimumVisualStudioVersion = 10.0.40219.1
Project("{8BC9CEB8-8B4A-11D0-8D11-00A0C91BC942}") = "core", "core\core.vcxproj", "{45B7ABCE-4E95-43CA-B0A1-1AE2C0AA46CA}"
EndProject
Project("{8BC9CEB8-8B4A-11D0-8D11-00A0C91BC942}") = "test", "test\test.vcxproj", "{41972E59-F6D8-46DB-B462-F86C1620ADCF}"
EndProject
Project("{8BC9CEB8-8B4A-11D0-8D11-00A0C91BC942}") = "app", "app\app.vcxproj", "{2D9C66B8-3FEE-4314-97E9-FF24D0262544}"
EndProject
Global
	GlobalSection(SolutionConfigurationPlatforms) = preSolution
		Debug|x64 = Debug|x64
		Debug|x86 = Debug|x86
		Release|x64 = Release|x64
		Release|x86 = Release|x86
	EndGlobalSection
	GlobalSection(ProjectConfigurationPlatforms) = postSolution
		{45B7ABCE-4E95-43CA-B0A1-1AE2C0AA46CA}.Debug|x64.ActiveCfg = Debug|x64
		{45B7ABCE-4E95-43CA-B0A1-1AE2C0AA46CA}.Debug|x64.Build.0 = Debug|x64
		{45B7ABCE-4E95-43CA-B0A1-1AE2C0AA46CA}.Debug|x86.ActiveCfg = Debug|Win32
		{45B7ABCE-4E95-43CA-B0A1-1AE2C0AA46CA}.Debug|x86.Build.0 = Debug|Win32
		{45B7ABCE-4E95-43CA-B0A1-1AE2C0AA46CA}.Release|x64.ActiveCfg = Release|x64
		{45B7ABCE-4E95-43CA-B0A1-1AE2C0AA46CA}.Release|x64.Build.0 = Release|x64
		{45B7ABCE-4E95-43CA-B0A1-1AE2C0AA46CA}.Release|x86.ActiveCfg = Release|Win32
		{45B7ABCE-4E95-43CA-B0A1-1AE2C0AA46CA}.Release|x86.Build.0 = Release|Win32
		{41972E59-F6D8-46DB-B462-F86C1620ADCF}.Debug|x64.ActiveCfg = Debug|x64
		{41972E59-F6D8-46DB-B462-F86C1620ADCF}.Debug|x64.Build.0 = Debug|x64
		{41972E59-F6D8-46DB-B462-F86C1620ADCF}.Debug|x86.ActiveCfg = Debug|Win32
		{41972E59-F6D8-46DB-B462-F86C1620ADCF}.Debug|x86.Build.0 = Debug|Win32
		{41972E59-F6D8-46DB-B462-F86C1620ADCF}.Release|x64.ActiveCfg = Release|x64
		{41972E59-F6D8-46DB-B462-F86C1620ADCF}.Release|x64.Build.0 = Release|x64
		{41972E59-F6D8-46DB-B462-F86C1620ADCF}.Release|x86.ActiveCfg = Release|Win32
		{41972E59-F6D8-46DB-B462-F86C1620ADCF}.Release|x86.Build.0 = Release|Win32
		{2D9C66B8-3FEE-4314-97E9-FF24D0262544}.Debug|x64.ActiveCfg = Debug|x64
		{2D9C66B8-3FEE-4314-97E9-FF24D0262544}.Debug|x64.Build.0 = Debug|x64
		{2D9C66B8-3FEE-4314-97E9-FF24D0262544}.Debug|x86.ActiveCfg = Debug|Win32
		{2D9C66B8-3FEE-4314-97E9-FF24D0262544}.Debug|x86.Build.0 = Debug|Win32
		{2D9C66B8-3FEE-4314-97E9-FF24D0262544}.Release|x64.ActiveCfg = Release|x64
		{2D9C66B8-3FEE-4314-97E9-FF24D0262544}.Release|x64.Build.0 = Release|x64
		{2D9C66B8-3FEE-4314-97E9-FF24D0262544}.Release|x86.ActiveCfg = Release|Win32
		{2D9C66B8-3FEE-4314-97E9-FF24D0262544}.Release|x86.Build.0 = Release|Win32
	EndGlobalSection
	GlobalSection(SolutionProperties) = preSolution
		HideSolutionNode = FALSE
	EndGlobalSection
EndGlobal
